// !$*UTF8*$!
{
	archiveVersion = 1;
	classes = {
	};
	objectVersion = 46;
	objects = {

/* Begin PBXBuildFile section */
		0B11785A1DA62146009658AE /* AppDelegate.swift in Sources */ = {isa = PBXBuildFile; fileRef = 0B1178591DA62146009658AE /* AppDelegate.swift */; };
		0B11785C1DA62146009658AE /* ViewController.swift in Sources */ = {isa = PBXBuildFile; fileRef = 0B11785B1DA62146009658AE /* ViewController.swift */; };
		0B11785F1DA62146009658AE /* Main.storyboard in Resources */ = {isa = PBXBuildFile; fileRef = 0B11785D1DA62146009658AE /* Main.storyboard */; };
		0B1178611DA62146009658AE /* Assets.xcassets in Resources */ = {isa = PBXBuildFile; fileRef = 0B1178601DA62146009658AE /* Assets.xcassets */; };
		0B1178641DA62146009658AE /* LaunchScreen.storyboard in Resources */ = {isa = PBXBuildFile; fileRef = 0B1178621DA62146009658AE /* LaunchScreen.storyboard */; };
		0B1178701DA62235009658AE /* DemoViewControllerViewController.m in Sources */ = {isa = PBXBuildFile; fileRef = 0B11786F1DA62235009658AE /* DemoViewControllerViewController.m */; };
/* End PBXBuildFile section */

/* Begin PBXFileReference section */
		0B1178561DA62146009658AE /* swift 懒加载 和 OC 中的区别.app */ = {isa = PBXFileReference; explicitFileType = wrapper.application; includeInIndex = 0; path = "swift 懒加载 和 OC 中的区别.app"; sourceTree = BUILT_PRODUCTS_DIR; };
		0B1178591DA62146009658AE /* AppDelegate.swift */ = {isa = PBXFileReference; lastKnownFileType = sourcecode.swift; path = AppDelegate.swift; sourceTree = "<group>"; };
		0B11785B1DA62146009658AE /* ViewController.swift */ = {isa = PBXFileReference; lastKnownFileType = sourcecode.swift; path = ViewController.swift; sourceTree = "<group>"; };
		0B11785E1DA62146009658AE /* Base */ = {isa = PBXFileReference; lastKnownFileType = file.storyboard; name = Base; path = Base.lproj/Main.storyboard; sourceTree = "<group>"; };
		0B1178601DA62146009658AE /* Assets.xcassets */ = {isa = PBXFileReference; lastKnownFileType = folder.assetcatalog; path = Assets.xcassets; sourceTree = "<group>"; };
		0B1178631DA62146009658AE /* Base */ = {isa = PBXFileReference; lastKnownFileType = file.storyboard; name = Base; path = Base.lproj/LaunchScreen.storyboard; sourceTree = "<group>"; };
		0B1178651DA62146009658AE /* Info.plist */ = {isa = PBXFileReference; lastKnownFileType = text.plist.xml; path = Info.plist; sourceTree = "<group>"; };
		0B11786D1DA62235009658AE /* swift 懒加载 和 OC 中的区别-Bridging-Header.h */ = {isa = PBXFileReference; lastKnownFileType = sourcecode.c.h; path = "swift 懒加载 和 OC 中的区别-Bridging-Header.h"; sourceTree = "<group>"; };
		0B11786E1DA62235009658AE /* DemoViewControllerViewController.h */ = {isa = PBXFileReference; fileEncoding = 4; lastKnownFileType = sourcecode.c.h; path = DemoViewControllerViewController.h; sourceTree = "<group>"; };
		0B11786F1DA62235009658AE /* DemoViewControllerViewController.m */ = {isa = PBXFileReference; fileEncoding = 4; lastKnownFileType = sourcecode.c.objc; path = DemoViewControllerViewController.m; sourceTree = "<group>"; };
/* End PBXFileReference section */

/* Begin PBXFrameworksBuildPhase section */
		0B1178531DA62146009658AE /* Frameworks */ = {
			isa = PBXFrameworksBuildPhase;
			buildActionMask = 2147483647;
			files = (
			);
			runOnlyForDeploymentPostprocessing = 0;
		};
/* End PBXFrameworksBuildPhase section */

/* Begin PBXGroup section */
		0B11784D1DA62146009658AE = {
			isa = PBXGroup;
			children = (
				0B1178581DA62146009658AE /* swift 懒加载 和 OC 中的区别 */,
				0B1178571DA62146009658AE /* Products */,
			);
			sourceTree = "<group>";
		};
		0B1178571DA62146009658AE /* Products */ = {
			isa = PBXGroup;
			children = (
				0B1178561DA62146009658AE /* swift 懒加载 和 OC 中的区别.app */,
			);
			name = Products;
			sourceTree = "<group>";
		};
		0B1178581DA62146009658AE /* swift 懒加载 和 OC 中的区别 */ = {
			isa = PBXGroup;
			children = (
				0B1178591DA62146009658AE /* AppDelegate.swift */,
				0B11785B1DA62146009658AE /* ViewController.swift */,
				0B11786E1DA62235009658AE /* DemoViewControllerViewController.h */,
				0B11786F1DA62235009658AE /* DemoViewControllerViewController.m */,
				0B11785D1DA62146009658AE /* Main.storyboard */,
				0B1178601DA62146009658AE /* Assets.xcassets */,
				0B1178621DA62146009658AE /* LaunchScreen.storyboard */,
				0B1178651DA62146009658AE /* Info.plist */,
				0B11786D1DA62235009658AE /* swift 懒加载 和 OC 中的区别-Bridging-Header.h */,
			);
			path = "swift 懒加载 和 OC 中的区别";
			sourceTree = "<group>";
		};
/* End PBXGroup section */

/* Begin PBXNativeTarget section */
		0B1178551DA62146009658AE /* swift 懒加载 和 OC 中的区别 */ = {
			isa = PBXNativeTarget;
			buildConfigurationList = 0B1178681DA62146009658AE /* Build configuration list for PBXNativeTarget "swift 懒加载 和 OC 中的区别" */;
			buildPhases = (
				0B1178521DA62146009658AE /* Sources */,
				0B1178531DA62146009658AE /* Frameworks */,
				0B1178541DA62146009658AE /* Resources */,
			);
			buildRules = (
			);
			dependencies = (
			);
			name = "swift 懒加载 和 OC 中的区别";
			productName = "swift 懒加载 和 OC 中的区别";
			productReference = 0B1178561DA62146009658AE /* swift 懒加载 和 OC 中的区别.app */;
			productType = "com.apple.product-type.application";
		};
/* End PBXNativeTarget section */

/* Begin PBXProject section */
		0B11784E1DA62146009658AE /* Project object */ = {
			isa = PBXProject;
			attributes = {
				LastSwiftUpdateCheck = 0800;
				LastUpgradeCheck = 1010;
				ORGANIZATIONNAME = Windy;
				TargetAttributes = {
					0B1178551DA62146009658AE = {
						CreatedOnToolsVersion = 8.0;
						LastSwiftMigration = 0800;
						ProvisioningStyle = Automatic;
					};
				};
			};
			buildConfigurationList = 0B1178511DA62146009658AE /* Build configuration list for PBXProject "swift 懒加载 和 OC 中的区别" */;
			compatibilityVersion = "Xcode 3.2";
			developmentRegion = English;
			hasScannedForEncodings = 0;
			knownRegions = (
				en,
				Base,
			);
			mainGroup = 0B11784D1DA62146009658AE;
			productRefGroup = 0B1178571DA62146009658AE /* Products */;
			projectDirPath = "";
			projectRoot = "";
			targets = (
				0B1178551DA62146009658AE /* swift 懒加载 和 OC 中的区别 */,
			);
		};
/* End PBXProject section */

/* Begin PBXResourcesBuildPhase section */
		0B1178541DA62146009658AE /* Resources */ = {
			isa = PBXResourcesBuildPhase;
			buildActionMask = 2147483647;
			files = (
				0B1178641DA62146009658AE /* LaunchScreen.storyboard in Resources */,
				0B1178611DA62146009658AE /* Assets.xcassets in Resources */,
				0B11785F1DA62146009658AE /* Main.storyboard in Resources */,
			);
			runOnlyForDeploymentPostprocessing = 0;
		};
/* End PBXResourcesBuildPhase section */

/* Begin PBXSourcesBuildPhase section */
		0B1178521DA62146009658AE /* Sources */ = {
			isa = PBXSourcesBuildPhase;
			buildActionMask = 2147483647;
			files = (
				0B11785C1DA62146009658AE /* ViewController.swift in Sources */,
				0B1178701DA62235009658AE /* DemoViewControllerViewController.m in Sources */,
				0B11785A1DA62146009658AE /* AppDelegate.swift in Sources */,
			);
			runOnlyForDeploymentPostprocessing = 0;
		};
/* End PBXSourcesBuildPhase section */

/* Begin PBXVariantGroup section */
		0B11785D1DA62146009658AE /* Main.storyboard */ = {
			isa = PBXVariantGroup;
			children = (
				0B11785E1DA62146009658AE /* Base */,
			);
			name = Main.storyboard;
			sourceTree = "<group>";
		};
		0B1178621DA62146009658AE /* LaunchScreen.storyboard */ = {
			isa = PBXVariantGroup;
			children = (
				0B1178631DA62146009658AE /* Base */,
			);
			name = LaunchScreen.storyboard;
			sourceTree = "<group>";
		};
/* End PBXVariantGroup section */

/* Begin XCBuildConfiguration section */
		0B1178661DA62146009658AE /* Debug */ = {
			isa = XCBuildConfiguration;
			buildSettings = {
				ALWAYS_SEARCH_USER_PATHS = NO;
				CLANG_ANALYZER_NONNULL = YES;
				CLANG_CXX_LANGUAGE_STANDARD = "gnu++0x";
				CLANG_CXX_LIBRARY = "libc++";
				CLANG_ENABLE_MODULES = YES;
				CLANG_ENABLE_OBJC_ARC = YES;
				CLANG_WARN_BLOCK_CAPTURE_AUTORELEASING = YES;
				CLANG_WARN_BOOL_CONVERSION = YES;
				CLANG_WARN_COMMA = YES;
				CLANG_WARN_CONSTANT_CONVERSION = YES;
				CLANG_WARN_DEPRECATED_OBJC_IMPLEMENTATIONS = YES;
				CLANG_WARN_DIRECT_OBJC_ISA_USAGE = YES_ERROR;
				CLANG_WARN_DOCUMENTATION_COMMENTS = YES;
				CLANG_WARN_EMPTY_BODY = YES;
				CLANG_WARN_ENUM_CONVERSION = YES;
				CLANG_WARN_INFINITE_RECURSION = YES;
				CLANG_WARN_INT_CONVERSION = YES;
				CLANG_WARN_NON_LITERAL_NULL_CONVERSION = YES;
				CLANG_WARN_OBJC_IMPLICIT_RETAIN_SELF = YES;
				CLANG_WARN_OBJC_LITERAL_CONVERSION = YES;
				CLANG_WARN_OBJC_ROOT_CLASS = YES_ERROR;
				CLANG_WARN_RANGE_LOOP_ANALYSIS = YES;
				CLANG_WARN_STRICT_PROTOTYPES = YES;
				CLANG_WARN_SUSPICIOUS_MOVE = YES;
				CLANG_WARN_SUSPICIOUS_MOVES = YES;
				CLANG_WARN_UNREACHABLE_CODE = YES;
				CLANG_WARN__DUPLICATE_METHOD_MATCH = YES;
				"CODE_SIGN_IDENTITY[sdk=iphoneos*]" = "iPhone Developer";
				COPY_PHASE_STRIP = NO;
				DEBUG_INFORMATION_FORMAT = dwarf;
				ENABLE_STRICT_OBJC_MSGSEND = YES;
				ENABLE_TESTABILITY = YES;
				GCC_C_LANGUAGE_STANDARD = gnu99;
				GCC_DYNAMIC_NO_PIC = NO;
				GCC_NO_COMMON_BLOCKS = YES;
				GCC_OPTIMIZATION_LEVEL = 0;
				GCC_PREPROCESSOR_DEFINITIONS = (
					"DEBUG=1",
					"$(inherited)",
				);
				GCC_WARN_64_TO_32_BIT_CONVERSION = YES;
				GCC_WARN_ABOUT_RETURN_TYPE = YES_ERROR;
				GCC_WARN_UNDECLARED_SELECTOR = YES;
				GCC_WARN_UNINITIALIZED_AUTOS = YES_AGGRESSIVE;
				GCC_WARN_UNUSED_FUNCTION = YES;
				GCC_WARN_UNUSED_VARIABLE = YES;
				IPHONEOS_DEPLOYMENT_TARGET = 10.0;
				MTL_ENABLE_DEBUG_INFO = YES;
				ONLY_ACTIVE_ARCH = YES;
				SDKROOT = iphoneos;
				SWIFT_ACTIVE_COMPILATION_CONDITIONS = DEBUG;
				SWIFT_OPTIMIZATION_LEVEL = "-Onone";
			};
			name = Debug;
		};
		0B1178671DA62146009658AE /* Release */ = {
			isa = XCBuildConfiguration;
			buildSettings = {
				ALWAYS_SEARCH_USER_PATHS = NO;
				CLANG_ANALYZER_NONNULL = YES;
				CLANG_CXX_LANGUAGE_STANDARD = "gnu++0x";
				CLANG_CXX_LIBRARY = "libc++";
				CLANG_ENABLE_MODULES = YES;
				CLANG_ENABLE_OBJC_ARC = YES;
				CLANG_WARN_BLOCK_CAPTURE_AUTORELEASING = YES;
				CLANG_WARN_BOOL_CONVERSION = YES;
				CLANG_WARN_COMMA = YES;
				CLANG_WARN_CONSTANT_CONVERSION = YES;
				CLANG_WARN_DEPRECATED_OBJC_IMPLEMENTATIONS = YES;
				CLANG_WARN_DIRECT_OBJC_ISA_USAGE = YES_ERROR;
				CLANG_WARN_DOCUMENTATION_COMMENTS = YES;
				CLANG_WARN_EMPTY_BODY = YES;
				CLANG_WARN_ENUM_CONVERSION = YES;
				CLANG_WARN_INFINITE_RECURSION = YES;
				CLANG_WARN_INT_CONVERSION = YES;
				CLANG_WARN_NON_LITERAL_NULL_CONVERSION = YES;
				CLANG_WARN_OBJC_IMPLICIT_RETAIN_SELF = YES;
				CLANG_WARN_OBJC_LITERAL_CONVERSION = YES;
				CLANG_WARN_OBJC_ROOT_CLASS = YES_ERROR;
				CLANG_WARN_RANGE_LOOP_ANALYSIS = YES;
				CLANG_WARN_STRICT_PROTOTYPES = YES;
				CLANG_WARN_SUSPICIOUS_MOVE = YES;
				CLANG_WARN_SUSPICIOUS_MOVES = YES;
				CLANG_WARN_UNREACHABLE_CODE = YES;
				CLANG_WARN__DUPLICATE_METHOD_MATCH = YES;
				"CODE_SIGN_IDENTITY[sdk=iphoneos*]" = "iPhone Developer";
				COPY_PHASE_STRIP = NO;
				DEBUG_INFORMATION_FORMAT = "dwarf-with-dsym";
				ENABLE_NS_ASSERTIONS = NO;
				ENABLE_STRICT_OBJC_MSGSEND = YES;
				GCC_C_LANGUAGE_STANDARD = gnu99;
				GCC_NO_COMMON_BLOCKS = YES;
				GCC_WARN_64_TO_32_BIT_CONVERSION = YES;
				GCC_WARN_ABOUT_RETURN_TYPE = YES_ERROR;
				GCC_WARN_UNDECLARED_SELECTOR = YES;
				GCC_WARN_UNINITIALIZED_AUTOS = YES_AGGRESSIVE;
				GCC_WARN_UNUSED_FUNCTION = YES;
				GCC_WARN_UNUSED_VARIABLE = YES;
				IPHONEOS_DEPLOYMENT_TARGET = 10.0;
				MTL_ENABLE_DEBUG_INFO = NO;
				SDKROOT = iphoneos;
				SWIFT_OPTIMIZATION_LEVEL = "-Owholemodule";
				VALIDATE_PRODUCT = YES;
			};
			name = Release;
		};
		0B1178691DA62146009658AE /* Debug */ = {
			isa = XCBuildConfiguration;
			buildSettings = {
				ASSETCATALOG_COMPILER_APPICON_NAME = AppIcon;
				CLANG_ENABLE_MODULES = YES;
				INFOPLIST_FILE = "swift 懒加载 和 OC 中的区别/Info.plist";
				LD_RUNPATH_SEARCH_PATHS = "$(inherited) @executable_path/Frameworks";
				PRODUCT_BUNDLE_IDENTIFIER = "org.WindyCheng.www.swift-------OC-----";
				PRODUCT_NAME = "$(TARGET_NAME)";
				SWIFT_OBJC_BRIDGING_HEADER = "swift 懒加载 和 OC 中的区别/swift 懒加载 和 OC 中的区别-Bridging-Header.h";
				SWIFT_OPTIMIZATION_LEVEL = "-Onone";
				SWIFT_VERSION = 3.0;
			};
			name = Debug;
		};
		0B11786A1DA62146009658AE /* Release */ = {
			isa = XCBuildConfiguration;
			buildSettings = {
				ASSETCATALOG_COMPILER_APPICON_NAME = AppIcon;
				CLANG_ENABLE_MODULES = YES;
				INFOPLIST_FILE = "swift 懒加载 和 OC 中的区别/Info.plist";
				LD_RUNPATH_SEARCH_PATHS = "$(inherited) @executable_path/Frameworks";
				PRODUCT_BUNDLE_IDENTIFIER = "org.WindyCheng.www.swift-------OC-----";
				PRODUCT_NAME = "$(TARGET_NAME)";
				SWIFT_OBJC_BRIDGING_HEADER = "swift 懒加载 和 OC 中的区别/swift 懒加载 和 OC 中的区别-Bridging-Header.h";
				SWIFT_VERSION = 3.0;
			};
			name = Release;
		};
/* End XCBuildConfiguration section */

/* Begin XCConfigurationList section */
		0B1178511DA62146009658AE /* Build configuration list for PBXProject "swift 懒加载 和 OC 中的区别" */ = {
			isa = XCConfigurationList;
			buildConfigurations = (
				0B1178661DA62146009658AE /* Debug */,
				0B1178671DA62146009658AE /* Release */,
			);
			defaultConfigurationIsVisible = 0;
			defaultConfigurationName = Release;
		};
		0B1178681DA62146009658AE /* Build configuration list for PBXNativeTarget "swift 懒加载 和 OC 中的区别" */ = {
			isa = XCConfigurationList;
			buildConfigurations = (
				0B1178691DA62146009658AE /* Debug */,
				0B11786A1DA62146009658AE /* Release */,
			);
			defaultConfigurationIsVisible = 0;
			defaultConfigurationName = Release;
		};
/* End XCConfigurationList section */
	};
	rootObject = 0B11784E1DA62146009658AE /* Project object */;
}
